Microsoft Visual Studio Solution File, Format Version 12.00
# Visual Studio Version 17
VisualStudioVersion = 17.5.2.0
MinimumVisualStudioVersion = 10.0.40219.1
Project("{FAE04EC0-301F-11D3-BF4B-00C04F79EFBC}") = "ProblematicApp", "ProblematicApp.csproj", "{45031D6B-32AD-6450-1127-5BC7B93117E4}"
EndProject
Global
	GlobalSection(SolutionConfigurationPlatforms) = preSolution
		Debug|Any CPU = Debug|Any CPU
		Release|Any CPU = Release|Any CPU
	EndGlobalSection
	GlobalSection(ProjectConfigurationPlatforms) = postSolution
		{45031D6B-32AD-6450-1127-5BC7B93117E4}.Debug|Any CPU.ActiveCfg = Debug|Any CPU
		{45031D6B-32AD-6450-1127-5BC7B93117E4}.Debug|Any CPU.Build.0 = Debug|Any CPU
		{45031D6B-32AD-6450-1127-5BC7B93117E4}.Release|Any CPU.ActiveCfg = Release|Any CPU
		{45031D6B-32AD-6450-1127-5BC7B93117E4}.Release|Any CPU.Build.0 = Release|Any CPU
	EndGlobalSection
	GlobalSection(SolutionProperties) = preSolution
		HideSolutionNode = FALSE
	EndGlobalSection
	GlobalSection(ExtensibilityGlobals) = postSolution
		SolutionGuid = {58A01CC9-3B90-4EC4-9750-87501F441E2B}
	EndGlobalSection
EndGlobal
